
Microsoft Visual Studio Solution File, Format Version 12.00
# Visual Studio 14
VisualStudioVersion = 14.0.25123.0
MinimumVisualStudioVersion = 10.0.40219.1
Project("{FAE04EC0-301F-11D3-BF4B-00C04F79EFBC}") = "BlackDiamondEvents", "BlackDiamondEvents\BlackDiamondEvents.csproj", "{EEEFEC56-83C8-425E-9197-E15CDACF7389}"
EndProject
Project("{FAE04EC0-301F-11D3-BF4B-00C04F79EFBC}") = "BlackDiamondEvents.Tests", "BlackDiamondEvents.Tests\BlackDiamondEvents.Tests.csproj", "{00336690-BD7E-4AC6-937A-26C89F173D37}"
EndProject
Project("{FAE04EC0-301F-11D3-BF4B-00C04F79EFBC}") = "BDE.Infrastructure", "BDE.Infrastructure\BDE.Infrastructure.csproj", "{E67FCD01-5A05-4B04-8692-91BEDFEDBC79}"
EndProject
Project("{FAE04EC0-301F-11D3-BF4B-00C04F79EFBC}") = "BDE.Domain", "BDE.Domain\BDE.Domain.csproj", "{D9D00045-C94B-4434-BEBE-E5E730E6B3E6}"
EndProject
Global
	GlobalSection(SolutionConfigurationPlatforms) = preSolution
		Debug|Any CPU = Debug|Any CPU
		Release|Any CPU = Release|Any CPU
	EndGlobalSection
	GlobalSection(ProjectConfigurationPlatforms) = postSolution
		{EEEFEC56-83C8-425E-9197-E15CDACF7389}.Debug|Any CPU.ActiveCfg = Debug|Any CPU
		{EEEFEC56-83C8-425E-9197-E15CDACF7389}.Debug|Any CPU.Build.0 = Debug|Any CPU
		{EEEFEC56-83C8-425E-9197-E15CDACF7389}.Release|Any CPU.ActiveCfg = Release|Any CPU
		{EEEFEC56-83C8-425E-9197-E15CDACF7389}.Release|Any CPU.Build.0 = Release|Any CPU
		{00336690-BD7E-4AC6-937A-26C89F173D37}.Debug|Any CPU.ActiveCfg = Debug|Any CPU
		{00336690-BD7E-4AC6-937A-26C89F173D37}.Debug|Any CPU.Build.0 = Debug|Any CPU
		{00336690-BD7E-4AC6-937A-26C89F173D37}.Release|Any CPU.ActiveCfg = Release|Any CPU
		{00336690-BD7E-4AC6-937A-26C89F173D37}.Release|Any CPU.Build.0 = Release|Any CPU
		{E67FCD01-5A05-4B04-8692-91BEDFEDBC79}.Debug|Any CPU.ActiveCfg = Debug|Any CPU
		{E67FCD01-5A05-4B04-8692-91BEDFEDBC79}.Debug|Any CPU.Build.0 = Debug|Any CPU
		{E67FCD01-5A05-4B04-8692-91BEDFEDBC79}.Release|Any CPU.ActiveCfg = Release|Any CPU
		{E67FCD01-5A05-4B04-8692-91BEDFEDBC79}.Release|Any CPU.Build.0 = Release|Any CPU
		{D9D00045-C94B-4434-BEBE-E5E730E6B3E6}.Debug|Any CPU.ActiveCfg = Debug|Any CPU
		{D9D00045-C94B-4434-BEBE-E5E730E6B3E6}.Debug|Any CPU.Build.0 = Debug|Any CPU
		{D9D00045-C94B-4434-BEBE-E5E730E6B3E6}.Release|Any CPU.ActiveCfg = Release|Any CPU
		{D9D00045-C94B-4434-BEBE-E5E730E6B3E6}.Release|Any CPU.Build.0 = Release|Any CPU
	EndGlobalSection
	GlobalSection(SolutionProperties) = preSolution
		HideSolutionNode = FALSE
	EndGlobalSection
EndGlobal
